
Microsoft Visual Studio Solution File, Format Version 12.00
# Visual Studio Version 16
VisualStudioVersion = 16.0.30907.101
MinimumVisualStudioVersion = 10.0.40219.1
Project("{8BC9CEB8-8B4A-11D0-8D11-00A0C91BC942}") = "BananasEngine", "BananasEngine\BananasEngine.vcxproj", "{DC493D34-639F-4EFA-97D1-AEEFE2928F53}"
EndProject
Project("{9A19103F-16F7-4668-BE54-9A1E7A4F7556}") = "BananasEditor", "BananasEditor\BananasEditor.csproj", "{DADDAB40-E914-4D1F-BBFD-51A5DEADBFC1}"
EndProject
Project("{8BC9CEB8-8B4A-11D0-8D11-00A0C91BC942}") = "BananasEngineDll", "BananasEngineDll\BananasEngineDll.vcxproj", "{920985E9-189D-4D71-9256-22213DCAB192}"
EndProject
Project("{8BC9CEB8-8B4A-11D0-8D11-00A0C91BC942}") = "BananasEngineTest", "BananasEngineTest\BananasEngineTest.vcxproj", "{E2F8A769-5885-4A9F-8A93-B9DF07ECE96A}"
EndProject
Global
	GlobalSection(SolutionConfigurationPlatforms) = preSolution
		Debug|Any CPU = Debug|Any CPU
		Debug|x64 = Debug|x64
		Debug|x86 = Debug|x86
		Release|Any CPU = Release|Any CPU
		Release|x64 = Release|x64
		Release|x86 = Release|x86
	EndGlobalSection
	GlobalSection(ProjectConfigurationPlatforms) = postSolution
		{DC493D34-639F-4EFA-97D1-AEEFE2928F53}.Debug|Any CPU.ActiveCfg = Debug|Win32
		{DC493D34-639F-4EFA-97D1-AEEFE2928F53}.Debug|x64.ActiveCfg = Debug|x64
		{DC493D34-639F-4EFA-97D1-AEEFE2928F53}.Debug|x64.Build.0 = Debug|x64
		{DC493D34-639F-4EFA-97D1-AEEFE2928F53}.Debug|x86.ActiveCfg = Debug|Win32
		{DC493D34-639F-4EFA-97D1-AEEFE2928F53}.Debug|x86.Build.0 = Debug|Win32
		{DC493D34-639F-4EFA-97D1-AEEFE2928F53}.Release|Any CPU.ActiveCfg = Release|Win32
		{DC493D34-639F-4EFA-97D1-AEEFE2928F53}.Release|x64.ActiveCfg = Release|x64
		{DC493D34-639F-4EFA-97D1-AEEFE2928F53}.Release|x64.Build.0 = Release|x64
		{DC493D34-639F-4EFA-97D1-AEEFE2928F53}.Release|x86.ActiveCfg = Release|Win32
		{DC493D34-639F-4EFA-97D1-AEEFE2928F53}.Release|x86.Build.0 = Release|Win32
		{DADDAB40-E914-4D1F-BBFD-51A5DEADBFC1}.Debug|Any CPU.ActiveCfg = Debug|Any CPU
		{DADDAB40-E914-4D1F-BBFD-51A5DEADBFC1}.Debug|x64.ActiveCfg = Debug|x64
		{DADDAB40-E914-4D1F-BBFD-51A5DEADBFC1}.Debug|x64.Build.0 = Debug|x64
		{DADDAB40-E914-4D1F-BBFD-51A5DEADBFC1}.Debug|x86.ActiveCfg = Debug|Any CPU
		{DADDAB40-E914-4D1F-BBFD-51A5DEADBFC1}.Release|Any CPU.ActiveCfg = Release|Any CPU
		{DADDAB40-E914-4D1F-BBFD-51A5DEADBFC1}.Release|x64.ActiveCfg = Release|x64
		{DADDAB40-E914-4D1F-BBFD-51A5DEADBFC1}.Release|x64.Build.0 = Release|x64
		{DADDAB40-E914-4D1F-BBFD-51A5DEADBFC1}.Release|x86.ActiveCfg = Release|Any CPU
		{920985E9-189D-4D71-9256-22213DCAB192}.Debug|Any CPU.ActiveCfg = Debug|Win32
		{920985E9-189D-4D71-9256-22213DCAB192}.Debug|x64.ActiveCfg = Debug|x64
		{920985E9-189D-4D71-9256-22213DCAB192}.Debug|x64.Build.0 = Debug|x64
		{920985E9-189D-4D71-9256-22213DCAB192}.Debug|x86.ActiveCfg = Debug|Win32
		{920985E9-189D-4D71-9256-22213DCAB192}.Debug|x86.Build.0 = Debug|Win32
		{920985E9-189D-4D71-9256-22213DCAB192}.Release|Any CPU.ActiveCfg = Release|Win32
		{920985E9-189D-4D71-9256-22213DCAB192}.Release|Any CPU.Build.0 = Release|Win32
		{920985E9-189D-4D71-9256-22213DCAB192}.Release|x64.ActiveCfg = Release|x64
		{920985E9-189D-4D71-9256-22213DCAB192}.Release|x64.Build.0 = Release|x64
		{920985E9-189D-4D71-9256-22213DCAB192}.Release|x86.ActiveCfg = Release|Win32
		{E2F8A769-5885-4A9F-8A93-B9DF07ECE96A}.Debug|Any CPU.ActiveCfg = Debug|Win32
		{E2F8A769-5885-4A9F-8A93-B9DF07ECE96A}.Debug|x64.ActiveCfg = Debug|x64
		{E2F8A769-5885-4A9F-8A93-B9DF07ECE96A}.Debug|x64.Build.0 = Debug|x64
		{E2F8A769-5885-4A9F-8A93-B9DF07ECE96A}.Debug|x86.ActiveCfg = Debug|Win32
		{E2F8A769-5885-4A9F-8A93-B9DF07ECE96A}.Debug|x86.Build.0 = Debug|Win32
		{E2F8A769-5885-4A9F-8A93-B9DF07ECE96A}.Release|Any CPU.ActiveCfg = Release|Win32
		{E2F8A769-5885-4A9F-8A93-B9DF07ECE96A}.Release|x64.ActiveCfg = Release|x64
		{E2F8A769-5885-4A9F-8A93-B9DF07ECE96A}.Release|x64.Build.0 = Release|x64
		{E2F8A769-5885-4A9F-8A93-B9DF07ECE96A}.Release|x86.ActiveCfg = Release|Win32
		{E2F8A769-5885-4A9F-8A93-B9DF07ECE96A}.Release|x86.Build.0 = Release|Win32
	EndGlobalSection
	GlobalSection(SolutionProperties) = preSolution
		HideSolutionNode = FALSE
	EndGlobalSection
	GlobalSection(ExtensibilityGlobals) = postSolution
		SolutionGuid = {A26776F3-9CDC-407C-A749-EAEE7AA2071E}
	EndGlobalSection
EndGlobal
