<?xml version="1.0" encoding="utf-8"?>
<Project ToolsVersion="4.0" xmlns="http://schemas.microsoft.com/developer/msbuild/2003">
  <ItemGroup>
    <ClInclude Include="Core\Core.h" />
    <ClInclude Include="Graphics\Renderer.h" />
    <ClInclude Include="Graphics\Texture.h" />
    <ClInclude Include="Graphics\RendererTestData.h" />
    <ClInclude Include="Core\Common.h" />
    <ClInclude Include="Core\Timestep.h" />
    <ClInclude Include="Graphics\Camera.h" />
    <ClInclude Include="Graphics\Shader.h" />
    <ClInclude Include="Graphics\Mesh.h" />
    <ClInclude Include="Graphics\Model.h" />
    <ClInclude Include="Graphics\Material.h" />
    <ClInclude Include="Graphics\Importer.h" />
    <ClInclude Include="Graphics\Scene.h" />
    <ClInclude Include="Graphics\RenderDeviceOpenGL.h" />
    <ClInclude Include="Graphics\Exporter.h" />
    <ClInclude Include="Core\Serialize.h" />
    <ClInclude Include="Core\Stack.h" />
    <ClInclude Include="Platform\PlatformWin32.h" />
  </ItemGroup>
  <ItemGroup>
    <ClCompile Include="Extern\glad\glad.c" />
    <ClCompile Include="Graphics\RenderDeviceOpenGL.cpp" />
    <ClCompile Include="Graphics\Renderer.cpp" />
    <ClCompile Include="Graphics\Texture.cpp" />
    <ClCompile Include="Core\Common.cpp" />
    <ClCompile Include="Core\Timestep.cpp" />
    <ClCompile Include="Graphics\Camera.cpp" />
    <ClCompile Include="Graphics\Shader.cpp" />
    <ClCompile Include="Graphics\Mesh.cpp" />
    <ClCompile Include="Graphics\Model.cpp" />
    <ClCompile Include="Graphics\Material.cpp" />
    <ClCompile Include="Graphics\Importer.cpp" />
    <ClCompile Include="Graphics\Scene.cpp" />
    <ClCompile Include="Graphics\Exporter.cpp" />
    <ClCompile Include="Core\Serialize.cpp" />
    <ClCompile Include="Core\Stack.cpp" />
    <ClCompile Include="Platform\PlatformWin32.cpp" />
  </ItemGroup>
</Project>